
Microsoft Visual Studio Solution File, Format Version 12.00
# Visual Studio Version 16
VisualStudioVersion = 16.0.31515.178
MinimumVisualStudioVersion = 10.0.40219.1
Project("{FAE04EC0-301F-11D3-BF4B-00C04F79EFBC}") = "ProjetoTreinamentoG20.ModelData", "ProjetoTreinamentoG20.ModelData\ProjetoTreinamentoG20.ModelData.csproj", "{A8AAA323-3B6C-4ED6-AE44-85DEB3F40F97}"
EndProject
Project("{FAE04EC0-301F-11D3-BF4B-00C04F79EFBC}") = "ProjetoTreinamentoG20.MVC", "ProjetoTreinamentoG20.MVC\ProjetoTreinamentoG20.MVC.csproj", "{FDAD235D-411B-4AF4-9C66-0CA0DABAE2A7}"
EndProject
Project("{FAE04EC0-301F-11D3-BF4B-00C04F79EFBC}") = "ProjetoTreinamentoG20.AAPPII", "ProjetoTreinamentoG20.AAPPII\ProjetoTreinamentoG20.AAPPII.csproj", "{EAF45101-EB41-4EC2-8E65-A915B8310DE6}"
EndProject
Global
	GlobalSection(SolutionConfigurationPlatforms) = preSolution
		Debug|Any CPU = Debug|Any CPU
		Release|Any CPU = Release|Any CPU
	EndGlobalSection
	GlobalSection(ProjectConfigurationPlatforms) = postSolution
		{A8AAA323-3B6C-4ED6-AE44-85DEB3F40F97}.Debug|Any CPU.ActiveCfg = Debug|Any CPU
		{A8AAA323-3B6C-4ED6-AE44-85DEB3F40F97}.Debug|Any CPU.Build.0 = Debug|Any CPU
		{A8AAA323-3B6C-4ED6-AE44-85DEB3F40F97}.Release|Any CPU.ActiveCfg = Release|Any CPU
		{A8AAA323-3B6C-4ED6-AE44-85DEB3F40F97}.Release|Any CPU.Build.0 = Release|Any CPU
		{FDAD235D-411B-4AF4-9C66-0CA0DABAE2A7}.Debug|Any CPU.ActiveCfg = Debug|Any CPU
		{FDAD235D-411B-4AF4-9C66-0CA0DABAE2A7}.Debug|Any CPU.Build.0 = Debug|Any CPU
		{FDAD235D-411B-4AF4-9C66-0CA0DABAE2A7}.Release|Any CPU.ActiveCfg = Release|Any CPU
		{FDAD235D-411B-4AF4-9C66-0CA0DABAE2A7}.Release|Any CPU.Build.0 = Release|Any CPU
		{EAF45101-EB41-4EC2-8E65-A915B8310DE6}.Debug|Any CPU.ActiveCfg = Debug|Any CPU
		{EAF45101-EB41-4EC2-8E65-A915B8310DE6}.Debug|Any CPU.Build.0 = Debug|Any CPU
		{EAF45101-EB41-4EC2-8E65-A915B8310DE6}.Release|Any CPU.ActiveCfg = Release|Any CPU
		{EAF45101-EB41-4EC2-8E65-A915B8310DE6}.Release|Any CPU.Build.0 = Release|Any CPU
	EndGlobalSection
	GlobalSection(SolutionProperties) = preSolution
		HideSolutionNode = FALSE
	EndGlobalSection
	GlobalSection(ExtensibilityGlobals) = postSolution
		SolutionGuid = {907D96F6-90DA-4807-A541-4E60893B3B71}
	EndGlobalSection
EndGlobal
